
Microsoft Visual Studio Solution File, Format Version 12.00
# Visual Studio 14
VisualStudioVersion = 14.0.24720.0
MinimumVisualStudioVersion = 10.0.40219.1
Project("{FAE04EC0-301F-11D3-BF4B-00C04F79EFBC}") = "FactoryMethod", "FactoryMethodPattern\FactoryMethod.csproj", "{18A0C631-63F2-466B-9195-9AD75543FF66}"
EndProject
Project("{FAE04EC0-301F-11D3-BF4B-00C04F79EFBC}") = "AbstractFactory", "AbstractFactory\AbstractFactory.csproj", "{67F0E1E6-0E12-40F5-B71F-EC9E217914F7}"
EndProject
Global
	GlobalSection(SolutionConfigurationPlatforms) = preSolution
		Debug|Any CPU = Debug|Any CPU
		Release|Any CPU = Release|Any CPU
	EndGlobalSection
	GlobalSection(ProjectConfigurationPlatforms) = postSolution
		{18A0C631-63F2-466B-9195-9AD75543FF66}.Debug|Any CPU.ActiveCfg = Debug|Any CPU
		{18A0C631-63F2-466B-9195-9AD75543FF66}.Debug|Any CPU.Build.0 = Debug|Any CPU
		{18A0C631-63F2-466B-9195-9AD75543FF66}.Release|Any CPU.ActiveCfg = Release|Any CPU
		{18A0C631-63F2-466B-9195-9AD75543FF66}.Release|Any CPU.Build.0 = Release|Any CPU
		{67F0E1E6-0E12-40F5-B71F-EC9E217914F7}.Debug|Any CPU.ActiveCfg = Debug|Any CPU
		{67F0E1E6-0E12-40F5-B71F-EC9E217914F7}.Debug|Any CPU.Build.0 = Debug|Any CPU
		{67F0E1E6-0E12-40F5-B71F-EC9E217914F7}.Release|Any CPU.ActiveCfg = Release|Any CPU
		{67F0E1E6-0E12-40F5-B71F-EC9E217914F7}.Release|Any CPU.Build.0 = Release|Any CPU
	EndGlobalSection
	GlobalSection(SolutionProperties) = preSolution
		HideSolutionNode = FALSE
	EndGlobalSection
EndGlobal
